
Microsoft Visual Studio Solution File, Format Version 12.00
# Visual Studio 15
VisualStudioVersion = 15.0.27703.2047
MinimumVisualStudioVersion = 10.0.40219.1
Project("{FAE04EC0-301F-11D3-BF4B-00C04F79EFBC}") = "SimpleMaybe", "SimpleMaybe\SimpleMaybe.csproj", "{1810748B-469E-4D1B-85EB-6C39AFE10E35}"
EndProject
Project("{FAE04EC0-301F-11D3-BF4B-00C04F79EFBC}") = "SimpleMaybe.Tests", "SimpleMaybe.Tests\SimpleMaybe.Tests.csproj", "{A27766C2-6565-43B2-BF4B-4EF7A70D7498}"
EndProject
Global
	GlobalSection(SolutionConfigurationPlatforms) = preSolution
		Debug|Any CPU = Debug|Any CPU
		Release|Any CPU = Release|Any CPU
	EndGlobalSection
	GlobalSection(ProjectConfigurationPlatforms) = postSolution
		{1810748B-469E-4D1B-85EB-6C39AFE10E35}.Debug|Any CPU.ActiveCfg = Debug|Any CPU
		{1810748B-469E-4D1B-85EB-6C39AFE10E35}.Debug|Any CPU.Build.0 = Debug|Any CPU
		{1810748B-469E-4D1B-85EB-6C39AFE10E35}.Release|Any CPU.ActiveCfg = Release|Any CPU
		{1810748B-469E-4D1B-85EB-6C39AFE10E35}.Release|Any CPU.Build.0 = Release|Any CPU
		{A27766C2-6565-43B2-BF4B-4EF7A70D7498}.Debug|Any CPU.ActiveCfg = Debug|Any CPU
		{A27766C2-6565-43B2-BF4B-4EF7A70D7498}.Debug|Any CPU.Build.0 = Debug|Any CPU
		{A27766C2-6565-43B2-BF4B-4EF7A70D7498}.Release|Any CPU.ActiveCfg = Release|Any CPU
		{A27766C2-6565-43B2-BF4B-4EF7A70D7498}.Release|Any CPU.Build.0 = Release|Any CPU
	EndGlobalSection
	GlobalSection(SolutionProperties) = preSolution
		HideSolutionNode = FALSE
	EndGlobalSection
	GlobalSection(ExtensibilityGlobals) = postSolution
		SolutionGuid = {C7BD76DE-51A9-4DB0-8E6C-D3E2348401EB}
	EndGlobalSection
EndGlobal
